
Microsoft Visual Studio Solution File, Format Version 12.00
# Visual Studio Version 17
VisualStudioVersion = 17.7.34018.315
MinimumVisualStudioVersion = 10.0.40219.1
Project("{2150E333-8FDC-42A3-9474-1A3956D46DE8}") = "Services", "Services", "{CC7BA288-7684-468D-8C65-A86EBFFFE481}"
EndProject
Project("{9A19103F-16F7-4668-BE54-9A1E7A4F7556}") = "Services.Api", "Services.Api\Services.Api.csproj", "{CC74255B-6F07-41E8-B33A-362CE4BDB6A7}"
EndProject
Project("{2150E333-8FDC-42A3-9474-1A3956D46DE8}") = "Pedidos", "Pedidos", "{6A955933-234C-4FD7-8CC1-CD1A67902574}"
EndProject
Project("{9A19103F-16F7-4668-BE54-9A1E7A4F7556}") = "Pedidos.Applications", "Pedidos.Applications\Pedidos.Applications.csproj", "{BEA16103-1AEF-45F3-A322-F278F20221F8}"
EndProject
Project("{9A19103F-16F7-4668-BE54-9A1E7A4F7556}") = "Pedidos.Domain", "Pedidos.Domain\Pedidos.Domain.csproj", "{4BEB971D-8639-43A2-BE68-0B500B5CD9E6}"
EndProject
Project("{9A19103F-16F7-4668-BE54-9A1E7A4F7556}") = "Pedidos.Infra", "Pedidos.Infra\Pedidos.Infra.csproj", "{D9FEA0D4-A8DA-4F5C-8818-925AFBFA0B94}"
EndProject
Project("{9A19103F-16F7-4668-BE54-9A1E7A4F7556}") = "Pedidos.Ioc", "Pedidos.Ioc\Pedidos.Ioc.csproj", "{B435ED33-5C9D-4D13-99CF-01EB5304C217}"
EndProject
Project("{2150E333-8FDC-42A3-9474-1A3956D46DE8}") = "Entregas", "Entregas", "{928E99E3-54FC-4E1C-B15B-C3995CD6EA3D}"
EndProject
Project("{2150E333-8FDC-42A3-9474-1A3956D46DE8}") = "Pagamentos", "Pagamentos", "{0528FBBB-22A7-49F0-93AF-513BAD7A4414}"
EndProject
Project("{FAE04EC0-301F-11D3-BF4B-00C04F79EFBC}") = "Pagamentos.Applications", "Pagamentos.Applications\Pagamentos.Applications.csproj", "{CDF7046D-DAA8-410B-BBB8-B4D267293FB8}"
EndProject
Project("{FAE04EC0-301F-11D3-BF4B-00C04F79EFBC}") = "Pagamentos.Domain", "Pagamentos.Domain\Pagamentos.Domain.csproj", "{55696498-78F7-4652-ADFC-26BD1F1F353C}"
EndProject
Project("{FAE04EC0-301F-11D3-BF4B-00C04F79EFBC}") = "Pagamentos.Infra", "Pagamentos.Infra\Pagamentos.Infra.csproj", "{5CED2F08-A61D-40F0-909C-E4B4C25801F8}"
EndProject
Project("{FAE04EC0-301F-11D3-BF4B-00C04F79EFBC}") = "Pagamentos.Ioc", "Pagamentos.Ioc\Pagamentos.Ioc.csproj", "{04BBBABE-6518-4F9D-808C-324740A605BA}"
EndProject
Project("{FAE04EC0-301F-11D3-BF4B-00C04F79EFBC}") = "Entregas.Applications", "Entrega.Applications\Entregas.Applications.csproj", "{A74A102D-5B4A-4AD1-9D08-683ED1BE0DF0}"
EndProject
Project("{FAE04EC0-301F-11D3-BF4B-00C04F79EFBC}") = "Entregas.Domain", "Entrega.Domain\Entregas.Domain.csproj", "{6C0C71A9-8EB6-4648-ABBF-7004AEEE3F48}"
EndProject
Project("{FAE04EC0-301F-11D3-BF4B-00C04F79EFBC}") = "Entregas.Infra", "Entrega.Infra\Entregas.Infra.csproj", "{E4D3B31B-5016-452F-8346-26D9B944F4BC}"
EndProject
Project("{FAE04EC0-301F-11D3-BF4B-00C04F79EFBC}") = "Entregas.Ioc", "Entrega.Ioc\Entregas.Ioc.csproj", "{D07F97B3-E338-42E1-B2ED-F17F9A651C0A}"
EndProject
Global
	GlobalSection(SolutionConfigurationPlatforms) = preSolution
		Debug|Any CPU = Debug|Any CPU
		Release|Any CPU = Release|Any CPU
	EndGlobalSection
	GlobalSection(ProjectConfigurationPlatforms) = postSolution
		{CC74255B-6F07-41E8-B33A-362CE4BDB6A7}.Debug|Any CPU.ActiveCfg = Debug|Any CPU
		{CC74255B-6F07-41E8-B33A-362CE4BDB6A7}.Debug|Any CPU.Build.0 = Debug|Any CPU
		{CC74255B-6F07-41E8-B33A-362CE4BDB6A7}.Release|Any CPU.ActiveCfg = Release|Any CPU
		{CC74255B-6F07-41E8-B33A-362CE4BDB6A7}.Release|Any CPU.Build.0 = Release|Any CPU
		{BEA16103-1AEF-45F3-A322-F278F20221F8}.Debug|Any CPU.ActiveCfg = Debug|Any CPU
		{BEA16103-1AEF-45F3-A322-F278F20221F8}.Debug|Any CPU.Build.0 = Debug|Any CPU
		{BEA16103-1AEF-45F3-A322-F278F20221F8}.Release|Any CPU.ActiveCfg = Release|Any CPU
		{BEA16103-1AEF-45F3-A322-F278F20221F8}.Release|Any CPU.Build.0 = Release|Any CPU
		{4BEB971D-8639-43A2-BE68-0B500B5CD9E6}.Debug|Any CPU.ActiveCfg = Debug|Any CPU
		{4BEB971D-8639-43A2-BE68-0B500B5CD9E6}.Debug|Any CPU.Build.0 = Debug|Any CPU
		{4BEB971D-8639-43A2-BE68-0B500B5CD9E6}.Release|Any CPU.ActiveCfg = Release|Any CPU
		{4BEB971D-8639-43A2-BE68-0B500B5CD9E6}.Release|Any CPU.Build.0 = Release|Any CPU
		{D9FEA0D4-A8DA-4F5C-8818-925AFBFA0B94}.Debug|Any CPU.ActiveCfg = Debug|Any CPU
		{D9FEA0D4-A8DA-4F5C-8818-925AFBFA0B94}.Debug|Any CPU.Build.0 = Debug|Any CPU
		{D9FEA0D4-A8DA-4F5C-8818-925AFBFA0B94}.Release|Any CPU.ActiveCfg = Release|Any CPU
		{D9FEA0D4-A8DA-4F5C-8818-925AFBFA0B94}.Release|Any CPU.Build.0 = Release|Any CPU
		{B435ED33-5C9D-4D13-99CF-01EB5304C217}.Debug|Any CPU.ActiveCfg = Debug|Any CPU
		{B435ED33-5C9D-4D13-99CF-01EB5304C217}.Debug|Any CPU.Build.0 = Debug|Any CPU
		{B435ED33-5C9D-4D13-99CF-01EB5304C217}.Release|Any CPU.ActiveCfg = Release|Any CPU
		{B435ED33-5C9D-4D13-99CF-01EB5304C217}.Release|Any CPU.Build.0 = Release|Any CPU
		{CDF7046D-DAA8-410B-BBB8-B4D267293FB8}.Debug|Any CPU.ActiveCfg = Debug|Any CPU
		{CDF7046D-DAA8-410B-BBB8-B4D267293FB8}.Debug|Any CPU.Build.0 = Debug|Any CPU
		{CDF7046D-DAA8-410B-BBB8-B4D267293FB8}.Release|Any CPU.ActiveCfg = Release|Any CPU
		{CDF7046D-DAA8-410B-BBB8-B4D267293FB8}.Release|Any CPU.Build.0 = Release|Any CPU
		{55696498-78F7-4652-ADFC-26BD1F1F353C}.Debug|Any CPU.ActiveCfg = Debug|Any CPU
		{55696498-78F7-4652-ADFC-26BD1F1F353C}.Debug|Any CPU.Build.0 = Debug|Any CPU
		{55696498-78F7-4652-ADFC-26BD1F1F353C}.Release|Any CPU.ActiveCfg = Release|Any CPU
		{55696498-78F7-4652-ADFC-26BD1F1F353C}.Release|Any CPU.Build.0 = Release|Any CPU
		{5CED2F08-A61D-40F0-909C-E4B4C25801F8}.Debug|Any CPU.ActiveCfg = Debug|Any CPU
		{5CED2F08-A61D-40F0-909C-E4B4C25801F8}.Debug|Any CPU.Build.0 = Debug|Any CPU
		{5CED2F08-A61D-40F0-909C-E4B4C25801F8}.Release|Any CPU.ActiveCfg = Release|Any CPU
		{5CED2F08-A61D-40F0-909C-E4B4C25801F8}.Release|Any CPU.Build.0 = Release|Any CPU
		{04BBBABE-6518-4F9D-808C-324740A605BA}.Debug|Any CPU.ActiveCfg = Debug|Any CPU
		{04BBBABE-6518-4F9D-808C-324740A605BA}.Debug|Any CPU.Build.0 = Debug|Any CPU
		{04BBBABE-6518-4F9D-808C-324740A605BA}.Release|Any CPU.ActiveCfg = Release|Any CPU
		{04BBBABE-6518-4F9D-808C-324740A605BA}.Release|Any CPU.Build.0 = Release|Any CPU
		{A74A102D-5B4A-4AD1-9D08-683ED1BE0DF0}.Debug|Any CPU.ActiveCfg = Debug|Any CPU
		{A74A102D-5B4A-4AD1-9D08-683ED1BE0DF0}.Debug|Any CPU.Build.0 = Debug|Any CPU
		{A74A102D-5B4A-4AD1-9D08-683ED1BE0DF0}.Release|Any CPU.ActiveCfg = Release|Any CPU
		{A74A102D-5B4A-4AD1-9D08-683ED1BE0DF0}.Release|Any CPU.Build.0 = Release|Any CPU
		{6C0C71A9-8EB6-4648-ABBF-7004AEEE3F48}.Debug|Any CPU.ActiveCfg = Debug|Any CPU
		{6C0C71A9-8EB6-4648-ABBF-7004AEEE3F48}.Debug|Any CPU.Build.0 = Debug|Any CPU
		{6C0C71A9-8EB6-4648-ABBF-7004AEEE3F48}.Release|Any CPU.ActiveCfg = Release|Any CPU
		{6C0C71A9-8EB6-4648-ABBF-7004AEEE3F48}.Release|Any CPU.Build.0 = Release|Any CPU
		{E4D3B31B-5016-452F-8346-26D9B944F4BC}.Debug|Any CPU.ActiveCfg = Debug|Any CPU
		{E4D3B31B-5016-452F-8346-26D9B944F4BC}.Debug|Any CPU.Build.0 = Debug|Any CPU
		{E4D3B31B-5016-452F-8346-26D9B944F4BC}.Release|Any CPU.ActiveCfg = Release|Any CPU
		{E4D3B31B-5016-452F-8346-26D9B944F4BC}.Release|Any CPU.Build.0 = Release|Any CPU
		{D07F97B3-E338-42E1-B2ED-F17F9A651C0A}.Debug|Any CPU.ActiveCfg = Debug|Any CPU
		{D07F97B3-E338-42E1-B2ED-F17F9A651C0A}.Debug|Any CPU.Build.0 = Debug|Any CPU
		{D07F97B3-E338-42E1-B2ED-F17F9A651C0A}.Release|Any CPU.ActiveCfg = Release|Any CPU
		{D07F97B3-E338-42E1-B2ED-F17F9A651C0A}.Release|Any CPU.Build.0 = Release|Any CPU
	EndGlobalSection
	GlobalSection(SolutionProperties) = preSolution
		HideSolutionNode = FALSE
	EndGlobalSection
	GlobalSection(NestedProjects) = preSolution
		{6A955933-234C-4FD7-8CC1-CD1A67902574} = {CC7BA288-7684-468D-8C65-A86EBFFFE481}
		{BEA16103-1AEF-45F3-A322-F278F20221F8} = {6A955933-234C-4FD7-8CC1-CD1A67902574}
		{4BEB971D-8639-43A2-BE68-0B500B5CD9E6} = {6A955933-234C-4FD7-8CC1-CD1A67902574}
		{D9FEA0D4-A8DA-4F5C-8818-925AFBFA0B94} = {6A955933-234C-4FD7-8CC1-CD1A67902574}
		{B435ED33-5C9D-4D13-99CF-01EB5304C217} = {6A955933-234C-4FD7-8CC1-CD1A67902574}
		{928E99E3-54FC-4E1C-B15B-C3995CD6EA3D} = {CC7BA288-7684-468D-8C65-A86EBFFFE481}
		{0528FBBB-22A7-49F0-93AF-513BAD7A4414} = {CC7BA288-7684-468D-8C65-A86EBFFFE481}
		{CDF7046D-DAA8-410B-BBB8-B4D267293FB8} = {0528FBBB-22A7-49F0-93AF-513BAD7A4414}
		{55696498-78F7-4652-ADFC-26BD1F1F353C} = {0528FBBB-22A7-49F0-93AF-513BAD7A4414}
		{5CED2F08-A61D-40F0-909C-E4B4C25801F8} = {0528FBBB-22A7-49F0-93AF-513BAD7A4414}
		{04BBBABE-6518-4F9D-808C-324740A605BA} = {0528FBBB-22A7-49F0-93AF-513BAD7A4414}
		{A74A102D-5B4A-4AD1-9D08-683ED1BE0DF0} = {928E99E3-54FC-4E1C-B15B-C3995CD6EA3D}
		{6C0C71A9-8EB6-4648-ABBF-7004AEEE3F48} = {928E99E3-54FC-4E1C-B15B-C3995CD6EA3D}
		{E4D3B31B-5016-452F-8346-26D9B944F4BC} = {928E99E3-54FC-4E1C-B15B-C3995CD6EA3D}
		{D07F97B3-E338-42E1-B2ED-F17F9A651C0A} = {928E99E3-54FC-4E1C-B15B-C3995CD6EA3D}
	EndGlobalSection
	GlobalSection(ExtensibilityGlobals) = postSolution
		SolutionGuid = {51D0F453-7A49-4254-AB72-3296AB234E0F}
	EndGlobalSection
EndGlobal
